
Microsoft Visual Studio Solution File, Format Version 12.00
# Visual Studio Version 16
VisualStudioVersion = 16.0.31205.134
MinimumVisualStudioVersion = 10.0.40219.1
Project("{8BC9CEB8-8B4A-11D0-8D11-00A0C91BC942}") = "VL02_Aufgaben", "VL02_Aufgaben\VL02_Aufgaben.vcxproj", "{E7659BB7-6824-48BA-A075-25C9CC3CAC8A}"
EndProject
Global
	GlobalSection(SolutionConfigurationPlatforms) = preSolution
		Debug|x64 = Debug|x64
		Debug|x86 = Debug|x86
		Release|x64 = Release|x64
		Release|x86 = Release|x86
	EndGlobalSection
	GlobalSection(ProjectConfigurationPlatforms) = postSolution
		{E7659BB7-6824-48BA-A075-25C9CC3CAC8A}.Debug|x64.ActiveCfg = Debug|x64
		{E7659BB7-6824-48BA-A075-25C9CC3CAC8A}.Debug|x64.Build.0 = Debug|x64
		{E7659BB7-6824-48BA-A075-25C9CC3CAC8A}.Debug|x86.ActiveCfg = Debug|Win32
		{E7659BB7-6824-48BA-A075-25C9CC3CAC8A}.Debug|x86.Build.0 = Debug|Win32
		{E7659BB7-6824-48BA-A075-25C9CC3CAC8A}.Release|x64.ActiveCfg = Release|x64
		{E7659BB7-6824-48BA-A075-25C9CC3CAC8A}.Release|x64.Build.0 = Release|x64
		{E7659BB7-6824-48BA-A075-25C9CC3CAC8A}.Release|x86.ActiveCfg = Release|Win32
		{E7659BB7-6824-48BA-A075-25C9CC3CAC8A}.Release|x86.Build.0 = Release|Win32
	EndGlobalSection
	GlobalSection(SolutionProperties) = preSolution
		HideSolutionNode = FALSE
	EndGlobalSection
	GlobalSection(ExtensibilityGlobals) = postSolution
		SolutionGuid = {3BCA8C51-347F-4B1D-B04E-2148A5D0DFC5}
	EndGlobalSection
EndGlobal
